
Microsoft Visual Studio Solution File, Format Version 12.00
# Visual Studio Version 16
VisualStudioVersion = 16.0.29020.237
MinimumVisualStudioVersion = 10.0.40219.1
Project("{FAE04EC0-301F-11D3-BF4B-00C04F79EFBC}") = "03-FiapWebAspNet", "03-FiapWebAspNet\03-FiapWebAspNet.csproj", "{7928AED9-03D7-4030-9F2F-C8300D391778}"
EndProject
Global
	GlobalSection(SolutionConfigurationPlatforms) = preSolution
		Debug|Any CPU = Debug|Any CPU
		Release|Any CPU = Release|Any CPU
	EndGlobalSection
	GlobalSection(ProjectConfigurationPlatforms) = postSolution
		{7928AED9-03D7-4030-9F2F-C8300D391778}.Debug|Any CPU.ActiveCfg = Debug|Any CPU
		{7928AED9-03D7-4030-9F2F-C8300D391778}.Debug|Any CPU.Build.0 = Debug|Any CPU
		{7928AED9-03D7-4030-9F2F-C8300D391778}.Release|Any CPU.ActiveCfg = Release|Any CPU
		{7928AED9-03D7-4030-9F2F-C8300D391778}.Release|Any CPU.Build.0 = Release|Any CPU
	EndGlobalSection
	GlobalSection(SolutionProperties) = preSolution
		HideSolutionNode = FALSE
	EndGlobalSection
	GlobalSection(ExtensibilityGlobals) = postSolution
		SolutionGuid = {F108E231-2372-4F19-8150-11B20A614130}
	EndGlobalSection
EndGlobal
